{
  "name": "learnshop",
  "lockfileVersion": 3,
  "requires": true,
  "packages": {
    "": {
      "dependencies": {
        "dompurify": "^3.0.9"
      }
    },
    "node_modules/dompurify": {
      "version": "3.0.9",
      "resolved": "https://registry.npmjs.org/dompurify/-/dompurify-3.0.9.tgz",
      "integrity": "sha512-uyb4NDIvQ3hRn6NiC+SIFaP4mJ/MdXlvtunaqK9Bn6dD3RuB/1S/gasEjDHD8eiaqdSael2vBv+hOs7Y+jhYOQ=="
    }
  }
}
